
Microsoft Visual Studio Solution File, Format Version 12.00
# Visual Studio Version 17
VisualStudioVersion = 17.6.33829.357
MinimumVisualStudioVersion = 10.0.40219.1
Project("{FAE04EC0-301F-11D3-BF4B-00C04F79EFBC}") = "Auction.net", "Auction.net.csproj", "{3BC5D977-323A-445F-865F-5CBD4DE20E78}"
EndProject
Global
	GlobalSection(SolutionConfigurationPlatforms) = preSolution
		Debug|Any CPU = Debug|Any CPU
		Release|Any CPU = Release|Any CPU
	EndGlobalSection
	GlobalSection(ProjectConfigurationPlatforms) = postSolution
		{3BC5D977-323A-445F-865F-5CBD4DE20E78}.Debug|Any CPU.ActiveCfg = Debug|Any CPU
		{3BC5D977-323A-445F-865F-5CBD4DE20E78}.Debug|Any CPU.Build.0 = Debug|Any CPU
		{3BC5D977-323A-445F-865F-5CBD4DE20E78}.Release|Any CPU.ActiveCfg = Release|Any CPU
		{3BC5D977-323A-445F-865F-5CBD4DE20E78}.Release|Any CPU.Build.0 = Release|Any CPU
	EndGlobalSection
	GlobalSection(SolutionProperties) = preSolution
		HideSolutionNode = FALSE
	EndGlobalSection
	GlobalSection(ExtensibilityGlobals) = postSolution
		SolutionGuid = {F358CFE7-7E62-4BE9-B53D-AB905F052A34}
	EndGlobalSection
EndGlobal
